
Microsoft Visual Studio Solution File, Format Version 12.00
# Visual Studio Version 17
VisualStudioVersion = 17.4.33110.190
MinimumVisualStudioVersion = 10.0.40219.1
Project("{9A19103F-16F7-4668-BE54-9A1E7A4F7556}") = "Chat.API", "Chat.API\Chat.API.csproj", "{F2F0A937-C02B-4F3B-A7F3-DF86ED423EAE}"
EndProject
Project("{9A19103F-16F7-4668-BE54-9A1E7A4F7556}") = "Chat.Frontend", "Chat.Frontend\Chat.Frontend.csproj", "{CF5A4874-4931-4C36-A05F-C385896EE178}"
EndProject
Project("{2150E333-8FDC-42A3-9474-1A3956D46DE8}") = "Solution Items", "Solution Items", "{0A02D476-0363-49EF-A8EC-3049F4BB2B4A}"
	ProjectSection(SolutionItems) = preProject
		Dockerfile = Dockerfile
	EndProjectSection
EndProject
Global
	GlobalSection(SolutionConfigurationPlatforms) = preSolution
		Debug|Any CPU = Debug|Any CPU
		Release|Any CPU = Release|Any CPU
	EndGlobalSection
	GlobalSection(ProjectConfigurationPlatforms) = postSolution
		{F2F0A937-C02B-4F3B-A7F3-DF86ED423EAE}.Debug|Any CPU.ActiveCfg = Debug|Any CPU
		{F2F0A937-C02B-4F3B-A7F3-DF86ED423EAE}.Debug|Any CPU.Build.0 = Debug|Any CPU
		{F2F0A937-C02B-4F3B-A7F3-DF86ED423EAE}.Release|Any CPU.ActiveCfg = Release|Any CPU
		{F2F0A937-C02B-4F3B-A7F3-DF86ED423EAE}.Release|Any CPU.Build.0 = Release|Any CPU
		{CF5A4874-4931-4C36-A05F-C385896EE178}.Debug|Any CPU.ActiveCfg = Debug|Any CPU
		{CF5A4874-4931-4C36-A05F-C385896EE178}.Debug|Any CPU.Build.0 = Debug|Any CPU
		{CF5A4874-4931-4C36-A05F-C385896EE178}.Release|Any CPU.ActiveCfg = Release|Any CPU
		{CF5A4874-4931-4C36-A05F-C385896EE178}.Release|Any CPU.Build.0 = Release|Any CPU
	EndGlobalSection
	GlobalSection(SolutionProperties) = preSolution
		HideSolutionNode = FALSE
	EndGlobalSection
	GlobalSection(ExtensibilityGlobals) = postSolution
		SolutionGuid = {2B188FD6-EE90-46D6-9325-D51FE9827F82}
	EndGlobalSection
EndGlobal
